
Microsoft Visual Studio Solution File, Format Version 12.00
# Visual Studio Version 17
VisualStudioVersion = 17.3.32804.467
MinimumVisualStudioVersion = 10.0.40219.1
Project("{FAE04EC0-301F-11D3-BF4B-00C04F79EFBC}") = "DIT_RetrievalLatLongDetails", "DIT_RetrievalLatLongDetails.csproj", "{38288FFF-8CF7-4FE9-B5D9-2E7E71FCEC66}"
EndProject
Global
	GlobalSection(SolutionConfigurationPlatforms) = preSolution
		Debug|Any CPU = Debug|Any CPU
		Release|Any CPU = Release|Any CPU
	EndGlobalSection
	GlobalSection(ProjectConfigurationPlatforms) = postSolution
		{38288FFF-8CF7-4FE9-B5D9-2E7E71FCEC66}.Debug|Any CPU.ActiveCfg = Debug|Any CPU
		{38288FFF-8CF7-4FE9-B5D9-2E7E71FCEC66}.Debug|Any CPU.Build.0 = Debug|Any CPU
		{38288FFF-8CF7-4FE9-B5D9-2E7E71FCEC66}.Release|Any CPU.ActiveCfg = Release|Any CPU
		{38288FFF-8CF7-4FE9-B5D9-2E7E71FCEC66}.Release|Any CPU.Build.0 = Release|Any CPU
	EndGlobalSection
	GlobalSection(SolutionProperties) = preSolution
		HideSolutionNode = FALSE
	EndGlobalSection
	GlobalSection(ExtensibilityGlobals) = postSolution
		SolutionGuid = {E1299D06-07EC-4F58-A7A0-A2A88B9599F1}
	EndGlobalSection
EndGlobal
